
Microsoft Visual Studio Solution File, Format Version 12.00
# Visual Studio Version 16
VisualStudioVersion = 16.0.29721.120
MinimumVisualStudioVersion = 10.0.40219.1
Project("{9A19103F-16F7-4668-BE54-9A1E7A4F7556}") = "taxi.common", "taxi.common\taxi.common.csproj", "{50548E30-C5BC-4014-A4EF-BB9A8661B05B}"
EndProject
Project("{9A19103F-16F7-4668-BE54-9A1E7A4F7556}") = "Taxi.web", "Taxi.web\Taxi.web.csproj", "{976F8E99-08BD-4E95-AE0D-95C06B357692}"
EndProject
Project("{9A19103F-16F7-4668-BE54-9A1E7A4F7556}") = "taxi.prism", "taxi.prism\taxi.prism\taxi.prism.csproj", "{221197C0-6A8A-4F35-BC82-81182AA3EB15}"
EndProject
Project("{FAE04EC0-301F-11D3-BF4B-00C04F79EFBC}") = "taxi.prism.Android", "taxi.prism\taxi.prism.Android\taxi.prism.Android.csproj", "{B950989F-5B75-42A8-A952-2F41EE76EBD1}"
EndProject
Project("{FAE04EC0-301F-11D3-BF4B-00C04F79EFBC}") = "taxi.prism.iOS", "taxi.prism\taxi.prism.iOS\taxi.prism.iOS.csproj", "{12E5E8D0-1A48-47B5-B04B-F1F626EA8B42}"
EndProject
Project("{FAE04EC0-301F-11D3-BF4B-00C04F79EFBC}") = "Taxi.Cross.Android", "Taxi.Cross.Android\Taxi.Cross.Android.csproj", "{EABC69E6-9939-47C6-947B-FC575790FA42}"
EndProject
Project("{FAE04EC0-301F-11D3-BF4B-00C04F79EFBC}") = "Taxi.Cross.IOS", "Taxi.Cross.IOS\Taxi.Cross.IOS.csproj", "{E5BC268A-F0D6-44A3-9017-8AA38FC635EE}"
EndProject
Global
	GlobalSection(SolutionConfigurationPlatforms) = preSolution
		Ad-Hoc|Any CPU = Ad-Hoc|Any CPU
		Ad-Hoc|iPhone = Ad-Hoc|iPhone
		Ad-Hoc|iPhoneSimulator = Ad-Hoc|iPhoneSimulator
		AppStore|Any CPU = AppStore|Any CPU
		AppStore|iPhone = AppStore|iPhone
		AppStore|iPhoneSimulator = AppStore|iPhoneSimulator
		Debug|Any CPU = Debug|Any CPU
		Debug|iPhone = Debug|iPhone
		Debug|iPhoneSimulator = Debug|iPhoneSimulator
		Release|Any CPU = Release|Any CPU
		Release|iPhone = Release|iPhone
		Release|iPhoneSimulator = Release|iPhoneSimulator
	EndGlobalSection
	GlobalSection(ProjectConfigurationPlatforms) = postSolution
		{50548E30-C5BC-4014-A4EF-BB9A8661B05B}.Ad-Hoc|Any CPU.ActiveCfg = Release|Any CPU
		{50548E30-C5BC-4014-A4EF-BB9A8661B05B}.Ad-Hoc|Any CPU.Build.0 = Release|Any CPU
		{50548E30-C5BC-4014-A4EF-BB9A8661B05B}.Ad-Hoc|iPhone.ActiveCfg = Release|Any CPU
		{50548E30-C5BC-4014-A4EF-BB9A8661B05B}.Ad-Hoc|iPhone.Build.0 = Release|Any CPU
		{50548E30-C5BC-4014-A4EF-BB9A8661B05B}.Ad-Hoc|iPhoneSimulator.ActiveCfg = Release|Any CPU
		{50548E30-C5BC-4014-A4EF-BB9A8661B05B}.Ad-Hoc|iPhoneSimulator.Build.0 = Release|Any CPU
		{50548E30-C5BC-4014-A4EF-BB9A8661B05B}.AppStore|Any CPU.ActiveCfg = Release|Any CPU
		{50548E30-C5BC-4014-A4EF-BB9A8661B05B}.AppStore|Any CPU.Build.0 = Release|Any CPU
		{50548E30-C5BC-4014-A4EF-BB9A8661B05B}.AppStore|iPhone.ActiveCfg = Release|Any CPU
		{50548E30-C5BC-4014-A4EF-BB9A8661B05B}.AppStore|iPhone.Build.0 = Release|Any CPU
		{50548E30-C5BC-4014-A4EF-BB9A8661B05B}.AppStore|iPhoneSimulator.ActiveCfg = Release|Any CPU
		{50548E30-C5BC-4014-A4EF-BB9A8661B05B}.AppStore|iPhoneSimulator.Build.0 = Release|Any CPU
		{50548E30-C5BC-4014-A4EF-BB9A8661B05B}.Debug|Any CPU.ActiveCfg = Debug|Any CPU
		{50548E30-C5BC-4014-A4EF-BB9A8661B05B}.Debug|Any CPU.Build.0 = Debug|Any CPU
		{50548E30-C5BC-4014-A4EF-BB9A8661B05B}.Debug|iPhone.ActiveCfg = Debug|Any CPU
		{50548E30-C5BC-4014-A4EF-BB9A8661B05B}.Debug|iPhone.Build.0 = Debug|Any CPU
		{50548E30-C5BC-4014-A4EF-BB9A8661B05B}.Debug|iPhoneSimulator.ActiveCfg = Debug|Any CPU
		{50548E30-C5BC-4014-A4EF-BB9A8661B05B}.Debug|iPhoneSimulator.Build.0 = Debug|Any CPU
		{50548E30-C5BC-4014-A4EF-BB9A8661B05B}.Release|Any CPU.ActiveCfg = Release|Any CPU
		{50548E30-C5BC-4014-A4EF-BB9A8661B05B}.Release|Any CPU.Build.0 = Release|Any CPU
		{50548E30-C5BC-4014-A4EF-BB9A8661B05B}.Release|iPhone.ActiveCfg = Release|Any CPU
		{50548E30-C5BC-4014-A4EF-BB9A8661B05B}.Release|iPhone.Build.0 = Release|Any CPU
		{50548E30-C5BC-4014-A4EF-BB9A8661B05B}.Release|iPhoneSimulator.ActiveCfg = Release|Any CPU
		{50548E30-C5BC-4014-A4EF-BB9A8661B05B}.Release|iPhoneSimulator.Build.0 = Release|Any CPU
		{976F8E99-08BD-4E95-AE0D-95C06B357692}.Ad-Hoc|Any CPU.ActiveCfg = Release|Any CPU
		{976F8E99-08BD-4E95-AE0D-95C06B357692}.Ad-Hoc|Any CPU.Build.0 = Release|Any CPU
		{976F8E99-08BD-4E95-AE0D-95C06B357692}.Ad-Hoc|iPhone.ActiveCfg = Release|Any CPU
		{976F8E99-08BD-4E95-AE0D-95C06B357692}.Ad-Hoc|iPhone.Build.0 = Release|Any CPU
		{976F8E99-08BD-4E95-AE0D-95C06B357692}.Ad-Hoc|iPhoneSimulator.ActiveCfg = Release|Any CPU
		{976F8E99-08BD-4E95-AE0D-95C06B357692}.Ad-Hoc|iPhoneSimulator.Build.0 = Release|Any CPU
		{976F8E99-08BD-4E95-AE0D-95C06B357692}.AppStore|Any CPU.ActiveCfg = Release|Any CPU
		{976F8E99-08BD-4E95-AE0D-95C06B357692}.AppStore|Any CPU.Build.0 = Release|Any CPU
		{976F8E99-08BD-4E95-AE0D-95C06B357692}.AppStore|iPhone.ActiveCfg = Release|Any CPU
		{976F8E99-08BD-4E95-AE0D-95C06B357692}.AppStore|iPhone.Build.0 = Release|Any CPU
		{976F8E99-08BD-4E95-AE0D-95C06B357692}.AppStore|iPhoneSimulator.ActiveCfg = Release|Any CPU
		{976F8E99-08BD-4E95-AE0D-95C06B357692}.AppStore|iPhoneSimulator.Build.0 = Release|Any CPU
		{976F8E99-08BD-4E95-AE0D-95C06B357692}.Debug|Any CPU.ActiveCfg = Debug|Any CPU
		{976F8E99-08BD-4E95-AE0D-95C06B357692}.Debug|Any CPU.Build.0 = Debug|Any CPU
		{976F8E99-08BD-4E95-AE0D-95C06B357692}.Debug|iPhone.ActiveCfg = Debug|Any CPU
		{976F8E99-08BD-4E95-AE0D-95C06B357692}.Debug|iPhone.Build.0 = Debug|Any CPU
		{976F8E99-08BD-4E95-AE0D-95C06B357692}.Debug|iPhoneSimulator.ActiveCfg = Debug|Any CPU
		{976F8E99-08BD-4E95-AE0D-95C06B357692}.Debug|iPhoneSimulator.Build.0 = Debug|Any CPU
		{976F8E99-08BD-4E95-AE0D-95C06B357692}.Release|Any CPU.ActiveCfg = Release|Any CPU
		{976F8E99-08BD-4E95-AE0D-95C06B357692}.Release|Any CPU.Build.0 = Release|Any CPU
		{976F8E99-08BD-4E95-AE0D-95C06B357692}.Release|iPhone.ActiveCfg = Release|Any CPU
		{976F8E99-08BD-4E95-AE0D-95C06B357692}.Release|iPhone.Build.0 = Release|Any CPU
		{976F8E99-08BD-4E95-AE0D-95C06B357692}.Release|iPhoneSimulator.ActiveCfg = Release|Any CPU
		{976F8E99-08BD-4E95-AE0D-95C06B357692}.Release|iPhoneSimulator.Build.0 = Release|Any CPU
		{221197C0-6A8A-4F35-BC82-81182AA3EB15}.Ad-Hoc|Any CPU.ActiveCfg = Debug|Any CPU
		{221197C0-6A8A-4F35-BC82-81182AA3EB15}.Ad-Hoc|Any CPU.Build.0 = Debug|Any CPU
		{221197C0-6A8A-4F35-BC82-81182AA3EB15}.Ad-Hoc|iPhone.ActiveCfg = Debug|Any CPU
		{221197C0-6A8A-4F35-BC82-81182AA3EB15}.Ad-Hoc|iPhone.Build.0 = Debug|Any CPU
		{221197C0-6A8A-4F35-BC82-81182AA3EB15}.Ad-Hoc|iPhoneSimulator.ActiveCfg = Debug|Any CPU
		{221197C0-6A8A-4F35-BC82-81182AA3EB15}.Ad-Hoc|iPhoneSimulator.Build.0 = Debug|Any CPU
		{221197C0-6A8A-4F35-BC82-81182AA3EB15}.AppStore|Any CPU.ActiveCfg = Debug|Any CPU
		{221197C0-6A8A-4F35-BC82-81182AA3EB15}.AppStore|Any CPU.Build.0 = Debug|Any CPU
		{221197C0-6A8A-4F35-BC82-81182AA3EB15}.AppStore|iPhone.ActiveCfg = Debug|Any CPU
		{221197C0-6A8A-4F35-BC82-81182AA3EB15}.AppStore|iPhone.Build.0 = Debug|Any CPU
		{221197C0-6A8A-4F35-BC82-81182AA3EB15}.AppStore|iPhoneSimulator.ActiveCfg = Debug|Any CPU
		{221197C0-6A8A-4F35-BC82-81182AA3EB15}.AppStore|iPhoneSimulator.Build.0 = Debug|Any CPU
		{221197C0-6A8A-4F35-BC82-81182AA3EB15}.Debug|Any CPU.ActiveCfg = Debug|Any CPU
		{221197C0-6A8A-4F35-BC82-81182AA3EB15}.Debug|Any CPU.Build.0 = Debug|Any CPU
		{221197C0-6A8A-4F35-BC82-81182AA3EB15}.Debug|iPhone.ActiveCfg = Debug|Any CPU
		{221197C0-6A8A-4F35-BC82-81182AA3EB15}.Debug|iPhone.Build.0 = Debug|Any CPU
		{221197C0-6A8A-4F35-BC82-81182AA3EB15}.Debug|iPhoneSimulator.ActiveCfg = Debug|Any CPU
		{221197C0-6A8A-4F35-BC82-81182AA3EB15}.Debug|iPhoneSimulator.Build.0 = Debug|Any CPU
		{221197C0-6A8A-4F35-BC82-81182AA3EB15}.Release|Any CPU.ActiveCfg = Release|Any CPU
		{221197C0-6A8A-4F35-BC82-81182AA3EB15}.Release|Any CPU.Build.0 = Release|Any CPU
		{221197C0-6A8A-4F35-BC82-81182AA3EB15}.Release|iPhone.ActiveCfg = Release|Any CPU
		{221197C0-6A8A-4F35-BC82-81182AA3EB15}.Release|iPhone.Build.0 = Release|Any CPU
		{221197C0-6A8A-4F35-BC82-81182AA3EB15}.Release|iPhoneSimulator.ActiveCfg = Release|Any CPU
		{221197C0-6A8A-4F35-BC82-81182AA3EB15}.Release|iPhoneSimulator.Build.0 = Release|Any CPU
		{B950989F-5B75-42A8-A952-2F41EE76EBD1}.Ad-Hoc|Any CPU.ActiveCfg = Release|Any CPU
		{B950989F-5B75-42A8-A952-2F41EE76EBD1}.Ad-Hoc|Any CPU.Build.0 = Release|Any CPU
		{B950989F-5B75-42A8-A952-2F41EE76EBD1}.Ad-Hoc|Any CPU.Deploy.0 = Release|Any CPU
		{B950989F-5B75-42A8-A952-2F41EE76EBD1}.Ad-Hoc|iPhone.ActiveCfg = Release|Any CPU
		{B950989F-5B75-42A8-A952-2F41EE76EBD1}.Ad-Hoc|iPhone.Build.0 = Release|Any CPU
		{B950989F-5B75-42A8-A952-2F41EE76EBD1}.Ad-Hoc|iPhone.Deploy.0 = Release|Any CPU
		{B950989F-5B75-42A8-A952-2F41EE76EBD1}.Ad-Hoc|iPhoneSimulator.ActiveCfg = Release|Any CPU
		{B950989F-5B75-42A8-A952-2F41EE76EBD1}.Ad-Hoc|iPhoneSimulator.Build.0 = Release|Any CPU
		{B950989F-5B75-42A8-A952-2F41EE76EBD1}.Ad-Hoc|iPhoneSimulator.Deploy.0 = Release|Any CPU
		{B950989F-5B75-42A8-A952-2F41EE76EBD1}.AppStore|Any CPU.ActiveCfg = Release|Any CPU
		{B950989F-5B75-42A8-A952-2F41EE76EBD1}.AppStore|Any CPU.Build.0 = Release|Any CPU
		{B950989F-5B75-42A8-A952-2F41EE76EBD1}.AppStore|Any CPU.Deploy.0 = Release|Any CPU
		{B950989F-5B75-42A8-A952-2F41EE76EBD1}.AppStore|iPhone.ActiveCfg = Release|Any CPU
		{B950989F-5B75-42A8-A952-2F41EE76EBD1}.AppStore|iPhone.Build.0 = Release|Any CPU
		{B950989F-5B75-42A8-A952-2F41EE76EBD1}.AppStore|iPhone.Deploy.0 = Release|Any CPU
		{B950989F-5B75-42A8-A952-2F41EE76EBD1}.AppStore|iPhoneSimulator.ActiveCfg = Release|Any CPU
		{B950989F-5B75-42A8-A952-2F41EE76EBD1}.AppStore|iPhoneSimulator.Build.0 = Release|Any CPU
		{B950989F-5B75-42A8-A952-2F41EE76EBD1}.AppStore|iPhoneSimulator.Deploy.0 = Release|Any CPU
		{B950989F-5B75-42A8-A952-2F41EE76EBD1}.Debug|Any CPU.ActiveCfg = Debug|Any CPU
		{B950989F-5B75-42A8-A952-2F41EE76EBD1}.Debug|Any CPU.Build.0 = Debug|Any CPU
		{B950989F-5B75-42A8-A952-2F41EE76EBD1}.Debug|Any CPU.Deploy.0 = Debug|Any CPU
		{B950989F-5B75-42A8-A952-2F41EE76EBD1}.Debug|iPhone.ActiveCfg = Debug|Any CPU
		{B950989F-5B75-42A8-A952-2F41EE76EBD1}.Debug|iPhone.Build.0 = Debug|Any CPU
		{B950989F-5B75-42A8-A952-2F41EE76EBD1}.Debug|iPhone.Deploy.0 = Debug|Any CPU
		{B950989F-5B75-42A8-A952-2F41EE76EBD1}.Debug|iPhoneSimulator.ActiveCfg = Debug|Any CPU
		{B950989F-5B75-42A8-A952-2F41EE76EBD1}.Debug|iPhoneSimulator.Build.0 = Debug|Any CPU
		{B950989F-5B75-42A8-A952-2F41EE76EBD1}.Debug|iPhoneSimulator.Deploy.0 = Debug|Any CPU
		{B950989F-5B75-42A8-A952-2F41EE76EBD1}.Release|Any CPU.ActiveCfg = Release|Any CPU
		{B950989F-5B75-42A8-A952-2F41EE76EBD1}.Release|Any CPU.Build.0 = Release|Any CPU
		{B950989F-5B75-42A8-A952-2F41EE76EBD1}.Release|Any CPU.Deploy.0 = Release|Any CPU
		{B950989F-5B75-42A8-A952-2F41EE76EBD1}.Release|iPhone.ActiveCfg = Release|Any CPU
		{B950989F-5B75-42A8-A952-2F41EE76EBD1}.Release|iPhone.Build.0 = Release|Any CPU
		{B950989F-5B75-42A8-A952-2F41EE76EBD1}.Release|iPhone.Deploy.0 = Release|Any CPU
		{B950989F-5B75-42A8-A952-2F41EE76EBD1}.Release|iPhoneSimulator.ActiveCfg = Release|Any CPU
		{B950989F-5B75-42A8-A952-2F41EE76EBD1}.Release|iPhoneSimulator.Build.0 = Release|Any CPU
		{B950989F-5B75-42A8-A952-2F41EE76EBD1}.Release|iPhoneSimulator.Deploy.0 = Release|Any CPU
		{12E5E8D0-1A48-47B5-B04B-F1F626EA8B42}.Ad-Hoc|Any CPU.ActiveCfg = Ad-Hoc|iPhone
		{12E5E8D0-1A48-47B5-B04B-F1F626EA8B42}.Ad-Hoc|iPhone.ActiveCfg = Ad-Hoc|iPhone
		{12E5E8D0-1A48-47B5-B04B-F1F626EA8B42}.Ad-Hoc|iPhone.Build.0 = Ad-Hoc|iPhone
		{12E5E8D0-1A48-47B5-B04B-F1F626EA8B42}.Ad-Hoc|iPhoneSimulator.ActiveCfg = Ad-Hoc|iPhoneSimulator
		{12E5E8D0-1A48-47B5-B04B-F1F626EA8B42}.Ad-Hoc|iPhoneSimulator.Build.0 = Ad-Hoc|iPhoneSimulator
		{12E5E8D0-1A48-47B5-B04B-F1F626EA8B42}.AppStore|Any CPU.ActiveCfg = AppStore|iPhone
		{12E5E8D0-1A48-47B5-B04B-F1F626EA8B42}.AppStore|iPhone.ActiveCfg = AppStore|iPhone
		{12E5E8D0-1A48-47B5-B04B-F1F626EA8B42}.AppStore|iPhone.Build.0 = AppStore|iPhone
		{12E5E8D0-1A48-47B5-B04B-F1F626EA8B42}.AppStore|iPhoneSimulator.ActiveCfg = AppStore|iPhoneSimulator
		{12E5E8D0-1A48-47B5-B04B-F1F626EA8B42}.AppStore|iPhoneSimulator.Build.0 = AppStore|iPhoneSimulator
		{12E5E8D0-1A48-47B5-B04B-F1F626EA8B42}.Debug|Any CPU.ActiveCfg = Debug|iPhone
		{12E5E8D0-1A48-47B5-B04B-F1F626EA8B42}.Debug|iPhone.ActiveCfg = Debug|iPhone
		{12E5E8D0-1A48-47B5-B04B-F1F626EA8B42}.Debug|iPhone.Build.0 = Debug|iPhone
		{12E5E8D0-1A48-47B5-B04B-F1F626EA8B42}.Debug|iPhoneSimulator.ActiveCfg = Debug|iPhoneSimulator
		{12E5E8D0-1A48-47B5-B04B-F1F626EA8B42}.Debug|iPhoneSimulator.Build.0 = Debug|iPhoneSimulator
		{12E5E8D0-1A48-47B5-B04B-F1F626EA8B42}.Release|Any CPU.ActiveCfg = Release|iPhone
		{12E5E8D0-1A48-47B5-B04B-F1F626EA8B42}.Release|iPhone.ActiveCfg = Release|iPhone
		{12E5E8D0-1A48-47B5-B04B-F1F626EA8B42}.Release|iPhone.Build.0 = Release|iPhone
		{12E5E8D0-1A48-47B5-B04B-F1F626EA8B42}.Release|iPhoneSimulator.ActiveCfg = Release|iPhoneSimulator
		{12E5E8D0-1A48-47B5-B04B-F1F626EA8B42}.Release|iPhoneSimulator.Build.0 = Release|iPhoneSimulator
		{EABC69E6-9939-47C6-947B-FC575790FA42}.Ad-Hoc|Any CPU.ActiveCfg = Release|Any CPU
		{EABC69E6-9939-47C6-947B-FC575790FA42}.Ad-Hoc|Any CPU.Build.0 = Release|Any CPU
		{EABC69E6-9939-47C6-947B-FC575790FA42}.Ad-Hoc|Any CPU.Deploy.0 = Release|Any CPU
		{EABC69E6-9939-47C6-947B-FC575790FA42}.Ad-Hoc|iPhone.ActiveCfg = Release|Any CPU
		{EABC69E6-9939-47C6-947B-FC575790FA42}.Ad-Hoc|iPhone.Build.0 = Release|Any CPU
		{EABC69E6-9939-47C6-947B-FC575790FA42}.Ad-Hoc|iPhone.Deploy.0 = Release|Any CPU
		{EABC69E6-9939-47C6-947B-FC575790FA42}.Ad-Hoc|iPhoneSimulator.ActiveCfg = Release|Any CPU
		{EABC69E6-9939-47C6-947B-FC575790FA42}.Ad-Hoc|iPhoneSimulator.Build.0 = Release|Any CPU
		{EABC69E6-9939-47C6-947B-FC575790FA42}.Ad-Hoc|iPhoneSimulator.Deploy.0 = Release|Any CPU
		{EABC69E6-9939-47C6-947B-FC575790FA42}.AppStore|Any CPU.ActiveCfg = Release|Any CPU
		{EABC69E6-9939-47C6-947B-FC575790FA42}.AppStore|Any CPU.Build.0 = Release|Any CPU
		{EABC69E6-9939-47C6-947B-FC575790FA42}.AppStore|Any CPU.Deploy.0 = Release|Any CPU
		{EABC69E6-9939-47C6-947B-FC575790FA42}.AppStore|iPhone.ActiveCfg = Release|Any CPU
		{EABC69E6-9939-47C6-947B-FC575790FA42}.AppStore|iPhone.Build.0 = Release|Any CPU
		{EABC69E6-9939-47C6-947B-FC575790FA42}.AppStore|iPhone.Deploy.0 = Release|Any CPU
		{EABC69E6-9939-47C6-947B-FC575790FA42}.AppStore|iPhoneSimulator.ActiveCfg = Release|Any CPU
		{EABC69E6-9939-47C6-947B-FC575790FA42}.AppStore|iPhoneSimulator.Build.0 = Release|Any CPU
		{EABC69E6-9939-47C6-947B-FC575790FA42}.AppStore|iPhoneSimulator.Deploy.0 = Release|Any CPU
		{EABC69E6-9939-47C6-947B-FC575790FA42}.Debug|Any CPU.ActiveCfg = Debug|Any CPU
		{EABC69E6-9939-47C6-947B-FC575790FA42}.Debug|Any CPU.Build.0 = Debug|Any CPU
		{EABC69E6-9939-47C6-947B-FC575790FA42}.Debug|Any CPU.Deploy.0 = Debug|Any CPU
		{EABC69E6-9939-47C6-947B-FC575790FA42}.Debug|iPhone.ActiveCfg = Debug|Any CPU
		{EABC69E6-9939-47C6-947B-FC575790FA42}.Debug|iPhone.Build.0 = Debug|Any CPU
		{EABC69E6-9939-47C6-947B-FC575790FA42}.Debug|iPhone.Deploy.0 = Debug|Any CPU
		{EABC69E6-9939-47C6-947B-FC575790FA42}.Debug|iPhoneSimulator.ActiveCfg = Debug|Any CPU
		{EABC69E6-9939-47C6-947B-FC575790FA42}.Debug|iPhoneSimulator.Build.0 = Debug|Any CPU
		{EABC69E6-9939-47C6-947B-FC575790FA42}.Debug|iPhoneSimulator.Deploy.0 = Debug|Any CPU
		{EABC69E6-9939-47C6-947B-FC575790FA42}.Release|Any CPU.ActiveCfg = Release|Any CPU
		{EABC69E6-9939-47C6-947B-FC575790FA42}.Release|Any CPU.Build.0 = Release|Any CPU
		{EABC69E6-9939-47C6-947B-FC575790FA42}.Release|Any CPU.Deploy.0 = Release|Any CPU
		{EABC69E6-9939-47C6-947B-FC575790FA42}.Release|iPhone.ActiveCfg = Release|Any CPU
		{EABC69E6-9939-47C6-947B-FC575790FA42}.Release|iPhone.Build.0 = Release|Any CPU
		{EABC69E6-9939-47C6-947B-FC575790FA42}.Release|iPhone.Deploy.0 = Release|Any CPU
		{EABC69E6-9939-47C6-947B-FC575790FA42}.Release|iPhoneSimulator.ActiveCfg = Release|Any CPU
		{EABC69E6-9939-47C6-947B-FC575790FA42}.Release|iPhoneSimulator.Build.0 = Release|Any CPU
		{EABC69E6-9939-47C6-947B-FC575790FA42}.Release|iPhoneSimulator.Deploy.0 = Release|Any CPU
		{E5BC268A-F0D6-44A3-9017-8AA38FC635EE}.Ad-Hoc|Any CPU.ActiveCfg = Release|iPhone
		{E5BC268A-F0D6-44A3-9017-8AA38FC635EE}.Ad-Hoc|Any CPU.Build.0 = Release|iPhone
		{E5BC268A-F0D6-44A3-9017-8AA38FC635EE}.Ad-Hoc|iPhone.ActiveCfg = Release|iPhone
		{E5BC268A-F0D6-44A3-9017-8AA38FC635EE}.Ad-Hoc|iPhone.Build.0 = Release|iPhone
		{E5BC268A-F0D6-44A3-9017-8AA38FC635EE}.Ad-Hoc|iPhoneSimulator.ActiveCfg = Release|iPhoneSimulator
		{E5BC268A-F0D6-44A3-9017-8AA38FC635EE}.Ad-Hoc|iPhoneSimulator.Build.0 = Release|iPhoneSimulator
		{E5BC268A-F0D6-44A3-9017-8AA38FC635EE}.AppStore|Any CPU.ActiveCfg = Release|iPhone
		{E5BC268A-F0D6-44A3-9017-8AA38FC635EE}.AppStore|Any CPU.Build.0 = Release|iPhone
		{E5BC268A-F0D6-44A3-9017-8AA38FC635EE}.AppStore|iPhone.ActiveCfg = Release|iPhone
		{E5BC268A-F0D6-44A3-9017-8AA38FC635EE}.AppStore|iPhone.Build.0 = Release|iPhone
		{E5BC268A-F0D6-44A3-9017-8AA38FC635EE}.AppStore|iPhoneSimulator.ActiveCfg = Release|iPhoneSimulator
		{E5BC268A-F0D6-44A3-9017-8AA38FC635EE}.AppStore|iPhoneSimulator.Build.0 = Release|iPhoneSimulator
		{E5BC268A-F0D6-44A3-9017-8AA38FC635EE}.Debug|Any CPU.ActiveCfg = Debug|iPhone
		{E5BC268A-F0D6-44A3-9017-8AA38FC635EE}.Debug|iPhone.ActiveCfg = Debug|iPhone
		{E5BC268A-F0D6-44A3-9017-8AA38FC635EE}.Debug|iPhone.Build.0 = Debug|iPhone
		{E5BC268A-F0D6-44A3-9017-8AA38FC635EE}.Debug|iPhoneSimulator.ActiveCfg = Debug|iPhoneSimulator
		{E5BC268A-F0D6-44A3-9017-8AA38FC635EE}.Debug|iPhoneSimulator.Build.0 = Debug|iPhoneSimulator
		{E5BC268A-F0D6-44A3-9017-8AA38FC635EE}.Release|Any CPU.ActiveCfg = Release|iPhone
		{E5BC268A-F0D6-44A3-9017-8AA38FC635EE}.Release|iPhone.ActiveCfg = Release|iPhone
		{E5BC268A-F0D6-44A3-9017-8AA38FC635EE}.Release|iPhone.Build.0 = Release|iPhone
		{E5BC268A-F0D6-44A3-9017-8AA38FC635EE}.Release|iPhoneSimulator.ActiveCfg = Release|iPhoneSimulator
		{E5BC268A-F0D6-44A3-9017-8AA38FC635EE}.Release|iPhoneSimulator.Build.0 = Release|iPhoneSimulator
	EndGlobalSection
	GlobalSection(SolutionProperties) = preSolution
		HideSolutionNode = FALSE
	EndGlobalSection
	GlobalSection(ExtensibilityGlobals) = postSolution
		SolutionGuid = {D7E1D14E-AEA9-4684-B830-7F57F36E803C}
	EndGlobalSection
EndGlobal
